// !$*UTF8*$!
{
	archiveVersion = 1;
	classes = {
	};
	objectVersion = 56;
	objects = {

/* Begin PBXBuildFile section */
		131406BF2B1EF604006B651C /* AppDelegate.swift in Sources */ = {isa = PBXBuildFile; fileRef = 131406BE2B1EF604006B651C /* AppDelegate.swift */; };
		131406C12B1EF604006B651C /* SceneDelegate.swift in Sources */ = {isa = PBXBuildFile; fileRef = 131406C02B1EF604006B651C /* SceneDelegate.swift */; };
		131406C32B1EF604006B651C /* ViewController.swift in Sources */ = {isa = PBXBuildFile; fileRef = 131406C22B1EF604006B651C /* ViewController.swift */; };
		131406C62B1EF604006B651C /* Main.storyboard in Resources */ = {isa = PBXBuildFile; fileRef = 131406C42B1EF604006B651C /* Main.storyboard */; };
		131406C82B1EF608006B651C /* Assets.xcassets in Resources */ = {isa = PBXBuildFile; fileRef = 131406C72B1EF608006B651C /* Assets.xcassets */; };
		131406CB2B1EF608006B651C /* LaunchScreen.storyboard in Resources */ = {isa = PBXBuildFile; fileRef = 131406C92B1EF608006B651C /* LaunchScreen.storyboard */; };
		131406D62B1EF608006B651C /* WebView_iOSTests.swift in Sources */ = {isa = PBXBuildFile; fileRef = 131406D52B1EF608006B651C /* WebView_iOSTests.swift */; };
		131406E02B1EF608006B651C /* WebView_iOSUITests.swift in Sources */ = {isa = PBXBuildFile; fileRef = 131406DF2B1EF608006B651C /* WebView_iOSUITests.swift */; };
		131406E22B1EF608006B651C /* WebView_iOSUITestsLaunchTests.swift in Sources */ = {isa = PBXBuildFile; fileRef = 131406E12B1EF608006B651C /* WebView_iOSUITestsLaunchTests.swift */; };
/* End PBXBuildFile section */

/* Begin PBXContainerItemProxy section */
		131406D22B1EF608006B651C /* PBXContainerItemProxy */ = {
			isa = PBXContainerItemProxy;
			containerPortal = 131406B32B1EF604006B651C /* Project object */;
			proxyType = 1;
			remoteGlobalIDString = 131406BA2B1EF604006B651C;
			remoteInfo = "WebView-iOS";
		};
		131406DC2B1EF608006B651C /* PBXContainerItemProxy */ = {
			isa = PBXContainerItemProxy;
			containerPortal = 131406B32B1EF604006B651C /* Project object */;
			proxyType = 1;
			remoteGlobalIDString = 131406BA2B1EF604006B651C;
			remoteInfo = "WebView-iOS";
		};
/* End PBXContainerItemProxy section */

/* Begin PBXFileReference section */
		131406BB2B1EF604006B651C /* WebView-iOS.app */ = {isa = PBXFileReference; explicitFileType = wrapper.application; includeInIndex = 0; path = "WebView-iOS.app"; sourceTree = BUILT_PRODUCTS_DIR; };
		131406BE2B1EF604006B651C /* AppDelegate.swift */ = {isa = PBXFileReference; lastKnownFileType = sourcecode.swift; path = AppDelegate.swift; sourceTree = "<group>"; };
		131406C02B1EF604006B651C /* SceneDelegate.swift */ = {isa = PBXFileReference; lastKnownFileType = sourcecode.swift; path = SceneDelegate.swift; sourceTree = "<group>"; };
		131406C22B1EF604006B651C /* ViewController.swift */ = {isa = PBXFileReference; lastKnownFileType = sourcecode.swift; path = ViewController.swift; sourceTree = "<group>"; };
		131406C52B1EF604006B651C /* Base */ = {isa = PBXFileReference; lastKnownFileType = file.storyboard; name = Base; path = Base.lproj/Main.storyboard; sourceTree = "<group>"; };
		131406C72B1EF608006B651C /* Assets.xcassets */ = {isa = PBXFileReference; lastKnownFileType = folder.assetcatalog; path = Assets.xcassets; sourceTree = "<group>"; };
		131406CA2B1EF608006B651C /* Base */ = {isa = PBXFileReference; lastKnownFileType = file.storyboard; name = Base; path = Base.lproj/LaunchScreen.storyboard; sourceTree = "<group>"; };
		131406CC2B1EF608006B651C /* Info.plist */ = {isa = PBXFileReference; lastKnownFileType = text.plist.xml; path = Info.plist; sourceTree = "<group>"; };
		131406D12B1EF608006B651C /* WebView-iOSTests.xctest */ = {isa = PBXFileReference; explicitFileType = wrapper.cfbundle; includeInIndex = 0; path = "WebView-iOSTests.xctest"; sourceTree = BUILT_PRODUCTS_DIR; };
		131406D52B1EF608006B651C /* WebView_iOSTests.swift */ = {isa = PBXFileReference; lastKnownFileType = sourcecode.swift; path = WebView_iOSTests.swift; sourceTree = "<group>"; };
		131406DB2B1EF608006B651C /* WebView-iOSUITests.xctest */ = {isa = PBXFileReference; explicitFileType = wrapper.cfbundle; includeInIndex = 0; path = "WebView-iOSUITests.xctest"; sourceTree = BUILT_PRODUCTS_DIR; };
		131406DF2B1EF608006B651C /* WebView_iOSUITests.swift */ = {isa = PBXFileReference; lastKnownFileType = sourcecode.swift; path = WebView_iOSUITests.swift; sourceTree = "<group>"; };
		131406E12B1EF608006B651C /* WebView_iOSUITestsLaunchTests.swift */ = {isa = PBXFileReference; lastKnownFileType = sourcecode.swift; path = WebView_iOSUITestsLaunchTests.swift; sourceTree = "<group>"; };
/* End PBXFileReference section */

/* Begin PBXFrameworksBuildPhase section */
		131406B82B1EF604006B651C /* Frameworks */ = {
			isa = PBXFrameworksBuildPhase;
			buildActionMask = 2147483647;
			files = (
			);
			runOnlyForDeploymentPostprocessing = 0;
		};
		131406CE2B1EF608006B651C /* Frameworks */ = {
			isa = PBXFrameworksBuildPhase;
			buildActionMask = 2147483647;
			files = (
			);
			runOnlyForDeploymentPostprocessing = 0;
		};
		131406D82B1EF608006B651C /* Frameworks */ = {
			isa = PBXFrameworksBuildPhase;
			buildActionMask = 2147483647;
			files = (
			);
			runOnlyForDeploymentPostprocessing = 0;
		};
/* End PBXFrameworksBuildPhase section */

/* Begin PBXGroup section */
		131406B22B1EF604006B651C = {
			isa = PBXGroup;
			children = (
				131406BD2B1EF604006B651C /* WebView-iOS */,
				131406D42B1EF608006B651C /* WebView-iOSTests */,
				131406DE2B1EF608006B651C /* WebView-iOSUITests */,
				131406BC2B1EF604006B651C /* Products */,
			);
			sourceTree = "<group>";
		};
		131406BC2B1EF604006B651C /* Products */ = {
			isa = PBXGroup;
			children = (
				131406BB2B1EF604006B651C /* WebView-iOS.app */,
				131406D12B1EF608006B651C /* WebView-iOSTests.xctest */,
				131406DB2B1EF608006B651C /* WebView-iOSUITests.xctest */,
			);
			name = Products;
			sourceTree = "<group>";
		};
		131406BD2B1EF604006B651C /* WebView-iOS */ = {
			isa = PBXGroup;
			children = (
				131406BE2B1EF604006B651C /* AppDelegate.swift */,
				131406C02B1EF604006B651C /* SceneDelegate.swift */,
				131406C22B1EF604006B651C /* ViewController.swift */,
				131406C42B1EF604006B651C /* Main.storyboard */,
				131406C72B1EF608006B651C /* Assets.xcassets */,
				131406C92B1EF608006B651C /* LaunchScreen.storyboard */,
				131406CC2B1EF608006B651C /* Info.plist */,
			);
			path = "WebView-iOS";
			sourceTree = "<group>";
		};
		131406D42B1EF608006B651C /* WebView-iOSTests */ = {
			isa = PBXGroup;
			children = (
				131406D52B1EF608006B651C /* WebView_iOSTests.swift */,
			);
			path = "WebView-iOSTests";
			sourceTree = "<group>";
		};
		131406DE2B1EF608006B651C /* WebView-iOSUITests */ = {
			isa = PBXGroup;
			children = (
				131406DF2B1EF608006B651C /* WebView_iOSUITests.swift */,
				131406E12B1EF608006B651C /* WebView_iOSUITestsLaunchTests.swift */,
			);
			path = "WebView-iOSUITests";
			sourceTree = "<group>";
		};
/* End PBXGroup section */

/* Begin PBXNativeTarget section */
		131406BA2B1EF604006B651C /* WebView-iOS */ = {
			isa = PBXNativeTarget;
			buildConfigurationList = 131406E52B1EF608006B651C /* Build configuration list for PBXNativeTarget "WebView-iOS" */;
			buildPhases = (
				131406B72B1EF604006B651C /* Sources */,
				131406B82B1EF604006B651C /* Frameworks */,
				131406B92B1EF604006B651C /* Resources */,
			);
			buildRules = (
			);
			dependencies = (
			);
			name = "WebView-iOS";
			productName = "WebView-iOS";
			productReference = 131406BB2B1EF604006B651C /* WebView-iOS.app */;
			productType = "com.apple.product-type.application";
		};
		131406D02B1EF608006B651C /* WebView-iOSTests */ = {
			isa = PBXNativeTarget;
			buildConfigurationList = 131406E82B1EF608006B651C /* Build configuration list for PBXNativeTarget "WebView-iOSTests" */;
			buildPhases = (
				131406CD2B1EF608006B651C /* Sources */,
				131406CE2B1EF608006B651C /* Frameworks */,
				131406CF2B1EF608006B651C /* Resources */,
			);
			buildRules = (
			);
			dependencies = (
				131406D32B1EF608006B651C /* PBXTargetDependency */,
			);
			name = "WebView-iOSTests";
			productName = "WebView-iOSTests";
			productReference = 131406D12B1EF608006B651C /* WebView-iOSTests.xctest */;
			productType = "com.apple.product-type.bundle.unit-test";
		};
		131406DA2B1EF608006B651C /* WebView-iOSUITests */ = {
			isa = PBXNativeTarget;
			buildConfigurationList = 131406EB2B1EF608006B651C /* Build configuration list for PBXNativeTarget "WebView-iOSUITests" */;
			buildPhases = (
				131406D72B1EF608006B651C /* Sources */,
				131406D82B1EF608006B651C /* Frameworks */,
				131406D92B1EF608006B651C /* Resources */,
			);
			buildRules = (
			);
			dependencies = (
				131406DD2B1EF608006B651C /* PBXTargetDependency */,
			);
			name = "WebView-iOSUITests";
			productName = "WebView-iOSUITests";
			productReference = 131406DB2B1EF608006B651C /* WebView-iOSUITests.xctest */;
			productType = "com.apple.product-type.bundle.ui-testing";
		};
/* End PBXNativeTarget section */

/* Begin PBXProject section */
		131406B32B1EF604006B651C /* Project object */ = {
			isa = PBXProject;
			attributes = {
				BuildIndependentTargetsInParallel = 1;
				LastSwiftUpdateCheck = 1500;
				LastUpgradeCheck = 1500;
				TargetAttributes = {
					131406BA2B1EF604006B651C = {
						CreatedOnToolsVersion = 15.0.1;
					};
					131406D02B1EF608006B651C = {
						CreatedOnToolsVersion = 15.0.1;
						TestTargetID = 131406BA2B1EF604006B651C;
					};
					131406DA2B1EF608006B651C = {
						CreatedOnToolsVersion = 15.0.1;
						TestTargetID = 131406BA2B1EF604006B651C;
					};
				};
			};
			buildConfigurationList = 131406B62B1EF604006B651C /* Build configuration list for PBXProject "WebView-iOS" */;
			compatibilityVersion = "Xcode 14.0";
			developmentRegion = en;
			hasScannedForEncodings = 0;
			knownRegions = (
				en,
				Base,
			);
			mainGroup = 131406B22B1EF604006B651C;
			productRefGroup = 131406BC2B1EF604006B651C /* Products */;
			projectDirPath = "";
			projectRoot = "";
			targets = (
				131406BA2B1EF604006B651C /* WebView-iOS */,
				131406D02B1EF608006B651C /* WebView-iOSTests */,
				131406DA2B1EF608006B651C /* WebView-iOSUITests */,
			);
		};
/* End PBXProject section */

/* Begin PBXResourcesBuildPhase section */
		131406B92B1EF604006B651C /* Resources */ = {
			isa = PBXResourcesBuildPhase;
			buildActionMask = 2147483647;
			files = (
				131406CB2B1EF608006B651C /* LaunchScreen.storyboard in Resources */,
				131406C82B1EF608006B651C /* Assets.xcassets in Resources */,
				131406C62B1EF604006B651C /* Main.storyboard in Resources */,
			);
			runOnlyForDeploymentPostprocessing = 0;
		};
		131406CF2B1EF608006B651C /* Resources */ = {
			isa = PBXResourcesBuildPhase;
			buildActionMask = 2147483647;
			files = (
			);
			runOnlyForDeploymentPostprocessing = 0;
		};
		131406D92B1EF608006B651C /* Resources */ = {
			isa = PBXResourcesBuildPhase;
			buildActionMask = 2147483647;
			files = (
			);
			runOnlyForDeploymentPostprocessing = 0;
		};
/* End PBXResourcesBuildPhase section */

/* Begin PBXSourcesBuildPhase section */
		131406B72B1EF604006B651C /* Sources */ = {
			isa = PBXSourcesBuildPhase;
			buildActionMask = 2147483647;
			files = (
				131406C32B1EF604006B651C /* ViewController.swift in Sources */,
				131406BF2B1EF604006B651C /* AppDelegate.swift in Sources */,
				131406C12B1EF604006B651C /* SceneDelegate.swift in Sources */,
			);
			runOnlyForDeploymentPostprocessing = 0;
		};
		131406CD2B1EF608006B651C /* Sources */ = {
			isa = PBXSourcesBuildPhase;
			buildActionMask = 2147483647;
			files = (
				131406D62B1EF608006B651C /* WebView_iOSTests.swift in Sources */,
			);
			runOnlyForDeploymentPostprocessing = 0;
		};
		131406D72B1EF608006B651C /* Sources */ = {
			isa = PBXSourcesBuildPhase;
			buildActionMask = 2147483647;
			files = (
				131406E22B1EF608006B651C /* WebView_iOSUITestsLaunchTests.swift in Sources */,
				131406E02B1EF608006B651C /* WebView_iOSUITests.swift in Sources */,
			);
			runOnlyForDeploymentPostprocessing = 0;
		};
/* End PBXSourcesBuildPhase section */

/* Begin PBXTargetDependency section */
		131406D32B1EF608006B651C /* PBXTargetDependency */ = {
			isa = PBXTargetDependency;
			target = 131406BA2B1EF604006B651C /* WebView-iOS */;
			targetProxy = 131406D22B1EF608006B651C /* PBXContainerItemProxy */;
		};
		131406DD2B1EF608006B651C /* PBXTargetDependency */ = {
			isa = PBXTargetDependency;
			target = 131406BA2B1EF604006B651C /* WebView-iOS */;
			targetProxy = 131406DC2B1EF608006B651C /* PBXContainerItemProxy */;
		};
/* End PBXTargetDependency section */

/* Begin PBXVariantGroup section */
		131406C42B1EF604006B651C /* Main.storyboard */ = {
			isa = PBXVariantGroup;
			children = (
				131406C52B1EF604006B651C /* Base */,
			);
			name = Main.storyboard;
			sourceTree = "<group>";
		};
		131406C92B1EF608006B651C /* LaunchScreen.storyboard */ = {
			isa = PBXVariantGroup;
			children = (
				131406CA2B1EF608006B651C /* Base */,
			);
			name = LaunchScreen.storyboard;
			sourceTree = "<group>";
		};
/* End PBXVariantGroup section */

/* Begin XCBuildConfiguration section */
		131406E32B1EF608006B651C /* Debug */ = {
			isa = XCBuildConfiguration;
			buildSettings = {
				ALWAYS_SEARCH_USER_PATHS = NO;
				ASSETCATALOG_COMPILER_GENERATE_SWIFT_ASSET_SYMBOL_EXTENSIONS = YES;
				CLANG_ANALYZER_NONNULL = YES;
				CLANG_ANALYZER_NUMBER_OBJECT_CONVERSION = YES_AGGRESSIVE;
				CLANG_CXX_LANGUAGE_STANDARD = "gnu++20";
				CLANG_ENABLE_MODULES = YES;
				CLANG_ENABLE_OBJC_ARC = YES;
				CLANG_ENABLE_OBJC_WEAK = YES;
				CLANG_WARN_BLOCK_CAPTURE_AUTORELEASING = YES;
				CLANG_WARN_BOOL_CONVERSION = YES;
				CLANG_WARN_COMMA = YES;
				CLANG_WARN_CONSTANT_CONVERSION = YES;
				CLANG_WARN_DEPRECATED_OBJC_IMPLEMENTATIONS = YES;
				CLANG_WARN_DIRECT_OBJC_ISA_USAGE = YES_ERROR;
				CLANG_WARN_DOCUMENTATION_COMMENTS = YES;
				CLANG_WARN_EMPTY_BODY = YES;
				CLANG_WARN_ENUM_CONVERSION = YES;
				CLANG_WARN_INFINITE_RECURSION = YES;
				CLANG_WARN_INT_CONVERSION = YES;
				CLANG_WARN_NON_LITERAL_NULL_CONVERSION = YES;
				CLANG_WARN_OBJC_IMPLICIT_RETAIN_SELF = YES;
				CLANG_WARN_OBJC_LITERAL_CONVERSION = YES;
				CLANG_WARN_OBJC_ROOT_CLASS = YES_ERROR;
				CLANG_WARN_QUOTED_INCLUDE_IN_FRAMEWORK_HEADER = YES;
				CLANG_WARN_RANGE_LOOP_ANALYSIS = YES;
				CLANG_WARN_STRICT_PROTOTYPES = YES;
				CLANG_WARN_SUSPICIOUS_MOVE = YES;
				CLANG_WARN_UNGUARDED_AVAILABILITY = YES_AGGRESSIVE;
				CLANG_WARN_UNREACHABLE_CODE = YES;
				CLANG_WARN__DUPLICATE_METHOD_MATCH = YES;
				COPY_PHASE_STRIP = NO;
				DEBUG_INFORMATION_FORMAT = dwarf;
				ENABLE_STRICT_OBJC_MSGSEND = YES;
				ENABLE_TESTABILITY = YES;
				ENABLE_USER_SCRIPT_SANDBOXING = YES;
				GCC_C_LANGUAGE_STANDARD = gnu17;
				GCC_DYNAMIC_NO_PIC = NO;
				GCC_NO_COMMON_BLOCKS = YES;
				GCC_OPTIMIZATION_LEVEL = 0;
				GCC_PREPROCESSOR_DEFINITIONS = (
					"DEBUG=1",
					"$(inherited)",
				);
				GCC_WARN_64_TO_32_BIT_CONVERSION = YES;
				GCC_WARN_ABOUT_RETURN_TYPE = YES_ERROR;
				GCC_WARN_UNDECLARED_SELECTOR = YES;
				GCC_WARN_UNINITIALIZED_AUTOS = YES_AGGRESSIVE;
				GCC_WARN_UNUSED_FUNCTION = YES;
				GCC_WARN_UNUSED_VARIABLE = YES;
				IPHONEOS_DEPLOYMENT_TARGET = 17.0;
				LOCALIZATION_PREFERS_STRING_CATALOGS = YES;
				MTL_ENABLE_DEBUG_INFO = INCLUDE_SOURCE;
				MTL_FAST_MATH = YES;
				ONLY_ACTIVE_ARCH = YES;
				SDKROOT = iphoneos;
				SWIFT_ACTIVE_COMPILATION_CONDITIONS = "DEBUG $(inherited)";
				SWIFT_OPTIMIZATION_LEVEL = "-Onone";
			};
			name = Debug;
		};
		131406E42B1EF608006B651C /* Release */ = {
			isa = XCBuildConfiguration;
			buildSettings = {
				ALWAYS_SEARCH_USER_PATHS = NO;
				ASSETCATALOG_COMPILER_GENERATE_SWIFT_ASSET_SYMBOL_EXTENSIONS = YES;
				CLANG_ANALYZER_NONNULL = YES;
				CLANG_ANALYZER_NUMBER_OBJECT_CONVERSION = YES_AGGRESSIVE;
				CLANG_CXX_LANGUAGE_STANDARD = "gnu++20";
				CLANG_ENABLE_MODULES = YES;
				CLANG_ENABLE_OBJC_ARC = YES;
				CLANG_ENABLE_OBJC_WEAK = YES;
				CLANG_WARN_BLOCK_CAPTURE_AUTORELEASING = YES;
				CLANG_WARN_BOOL_CONVERSION = YES;
				CLANG_WARN_COMMA = YES;
				CLANG_WARN_CONSTANT_CONVERSION = YES;
				CLANG_WARN_DEPRECATED_OBJC_IMPLEMENTATIONS = YES;
				CLANG_WARN_DIRECT_OBJC_ISA_USAGE = YES_ERROR;
				CLANG_WARN_DOCUMENTATION_COMMENTS = YES;
				CLANG_WARN_EMPTY_BODY = YES;
				CLANG_WARN_ENUM_CONVERSION = YES;
				CLANG_WARN_INFINITE_RECURSION = YES;
				CLANG_WARN_INT_CONVERSION = YES;
				CLANG_WARN_NON_LITERAL_NULL_CONVERSION = YES;
				CLANG_WARN_OBJC_IMPLICIT_RETAIN_SELF = YES;
				CLANG_WARN_OBJC_LITERAL_CONVERSION = YES;
				CLANG_WARN_OBJC_ROOT_CLASS = YES_ERROR;
				CLANG_WARN_QUOTED_INCLUDE_IN_FRAMEWORK_HEADER = YES;
				CLANG_WARN_RANGE_LOOP_ANALYSIS = YES;
				CLANG_WARN_STRICT_PROTOTYPES = YES;
				CLANG_WARN_SUSPICIOUS_MOVE = YES;
				CLANG_WARN_UNGUARDED_AVAILABILITY = YES_AGGRESSIVE;
				CLANG_WARN_UNREACHABLE_CODE = YES;
				CLANG_WARN__DUPLICATE_METHOD_MATCH = YES;
				COPY_PHASE_STRIP = NO;
				DEBUG_INFORMATION_FORMAT = "dwarf-with-dsym";
				ENABLE_NS_ASSERTIONS = NO;
				ENABLE_STRICT_OBJC_MSGSEND = YES;
				ENABLE_USER_SCRIPT_SANDBOXING = YES;
				GCC_C_LANGUAGE_STANDARD = gnu17;
				GCC_NO_COMMON_BLOCKS = YES;
				GCC_WARN_64_TO_32_BIT_CONVERSION = YES;
				GCC_WARN_ABOUT_RETURN_TYPE = YES_ERROR;
				GCC_WARN_UNDECLARED_SELECTOR = YES;
				GCC_WARN_UNINITIALIZED_AUTOS = YES_AGGRESSIVE;
				GCC_WARN_UNUSED_FUNCTION = YES;
				GCC_WARN_UNUSED_VARIABLE = YES;
				IPHONEOS_DEPLOYMENT_TARGET = 17.0;
				LOCALIZATION_PREFERS_STRING_CATALOGS = YES;
				MTL_ENABLE_DEBUG_INFO = NO;
				MTL_FAST_MATH = YES;
				SDKROOT = iphoneos;
				SWIFT_COMPILATION_MODE = wholemodule;
				VALIDATE_PRODUCT = YES;
			};
			name = Release;
		};
		131406E62B1EF608006B651C /* Debug */ = {
			isa = XCBuildConfiguration;
			buildSettings = {
				ASSETCATALOG_COMPILER_APPICON_NAME = AppIcon;
				ASSETCATALOG_COMPILER_GLOBAL_ACCENT_COLOR_NAME = AccentColor;
				CODE_SIGN_STYLE = Automatic;
				CURRENT_PROJECT_VERSION = 1;
				DEVELOPMENT_TEAM = 3JTZA6773S;
				GENERATE_INFOPLIST_FILE = YES;
				INFOPLIST_FILE = "WebView-iOS/Info.plist";
				INFOPLIST_KEY_UIApplicationSupportsIndirectInputEvents = YES;
				INFOPLIST_KEY_UILaunchStoryboardName = LaunchScreen;
				INFOPLIST_KEY_UIMainStoryboardFile = Main;
				INFOPLIST_KEY_UISupportedInterfaceOrientations_iPad = "UIInterfaceOrientationPortrait UIInterfaceOrientationPortraitUpsideDown UIInterfaceOrientationLandscapeLeft UIInterfaceOrientationLandscapeRight";
				INFOPLIST_KEY_UISupportedInterfaceOrientations_iPhone = "UIInterfaceOrientationPortrait UIInterfaceOrientationLandscapeLeft UIInterfaceOrientationLandscapeRight";
				LD_RUNPATH_SEARCH_PATHS = (
					"$(inherited)",
					"@executable_path/Frameworks",
				);
				MARKETING_VERSION = 1.0;
				PRODUCT_BUNDLE_IDENTIFIER = "com.example.WebView-iOS";
				PRODUCT_NAME = "$(TARGET_NAME)";
				SWIFT_EMIT_LOC_STRINGS = YES;
				SWIFT_VERSION = 5.0;
				TARGETED_DEVICE_FAMILY = "1,2";
			};
			name = Debug;
		};
		131406E72B1EF608006B651C /* Release */ = {
			isa = XCBuildConfiguration;
			buildSettings = {
				ASSETCATALOG_COMPILER_APPICON_NAME = AppIcon;
				ASSETCATALOG_COMPILER_GLOBAL_ACCENT_COLOR_NAME = AccentColor;
				CODE_SIGN_STYLE = Automatic;
				CURRENT_PROJECT_VERSION = 1;
				DEVELOPMENT_TEAM = 3JTZA6773S;
				GENERATE_INFOPLIST_FILE = YES;
				INFOPLIST_FILE = "WebView-iOS/Info.plist";
				INFOPLIST_KEY_UIApplicationSupportsIndirectInputEvents = YES;
				INFOPLIST_KEY_UILaunchStoryboardName = LaunchScreen;
				INFOPLIST_KEY_UIMainStoryboardFile = Main;
				INFOPLIST_KEY_UISupportedInterfaceOrientations_iPad = "UIInterfaceOrientationPortrait UIInterfaceOrientationPortraitUpsideDown UIInterfaceOrientationLandscapeLeft UIInterfaceOrientationLandscapeRight";
				INFOPLIST_KEY_UISupportedInterfaceOrientations_iPhone = "UIInterfaceOrientationPortrait UIInterfaceOrientationLandscapeLeft UIInterfaceOrientationLandscapeRight";
				LD_RUNPATH_SEARCH_PATHS = (
					"$(inherited)",
					"@executable_path/Frameworks",
				);
				MARKETING_VERSION = 1.0;
				PRODUCT_BUNDLE_IDENTIFIER = "com.example.WebView-iOS";
				PRODUCT_NAME = "$(TARGET_NAME)";
				SWIFT_EMIT_LOC_STRINGS = YES;
				SWIFT_VERSION = 5.0;
				TARGETED_DEVICE_FAMILY = "1,2";
			};
			name = Release;
		};
		131406E92B1EF608006B651C /* Debug */ = {
			isa = XCBuildConfiguration;
			buildSettings = {
				ALWAYS_EMBED_SWIFT_STANDARD_LIBRARIES = YES;
				BUNDLE_LOADER = "$(TEST_HOST)";
				CODE_SIGN_STYLE = Automatic;
				CURRENT_PROJECT_VERSION = 1;
				GENERATE_INFOPLIST_FILE = YES;
				IPHONEOS_DEPLOYMENT_TARGET = 17.0;
				MARKETING_VERSION = 1.0;
				PRODUCT_BUNDLE_IDENTIFIER = "com.example.WebView-iOSTests";
				PRODUCT_NAME = "$(TARGET_NAME)";
				SWIFT_EMIT_LOC_STRINGS = NO;
				SWIFT_VERSION = 5.0;
				TARGETED_DEVICE_FAMILY = "1,2";
				TEST_HOST = "$(BUILT_PRODUCTS_DIR)/WebView-iOS.app/$(BUNDLE_EXECUTABLE_FOLDER_PATH)/WebView-iOS";
			};
			name = Debug;
		};
		131406EA2B1EF608006B651C /* Release */ = {
			isa = XCBuildConfiguration;
			buildSettings = {
				ALWAYS_EMBED_SWIFT_STANDARD_LIBRARIES = YES;
				BUNDLE_LOADER = "$(TEST_HOST)";
				CODE_SIGN_STYLE = Automatic;
				CURRENT_PROJECT_VERSION = 1;
				GENERATE_INFOPLIST_FILE = YES;
				IPHONEOS_DEPLOYMENT_TARGET = 17.0;
				MARKETING_VERSION = 1.0;
				PRODUCT_BUNDLE_IDENTIFIER = "com.example.WebView-iOSTests";
				PRODUCT_NAME = "$(TARGET_NAME)";
				SWIFT_EMIT_LOC_STRINGS = NO;
				SWIFT_VERSION = 5.0;
				TARGETED_DEVICE_FAMILY = "1,2";
				TEST_HOST = "$(BUILT_PRODUCTS_DIR)/WebView-iOS.app/$(BUNDLE_EXECUTABLE_FOLDER_PATH)/WebView-iOS";
			};
			name = Release;
		};
		131406EC2B1EF608006B651C /* Debug */ = {
			isa = XCBuildConfiguration;
			buildSettings = {
				ALWAYS_EMBED_SWIFT_STANDARD_LIBRARIES = YES;
				CODE_SIGN_STYLE = Automatic;
				CURRENT_PROJECT_VERSION = 1;
				GENERATE_INFOPLIST_FILE = YES;
				MARKETING_VERSION = 1.0;
				PRODUCT_BUNDLE_IDENTIFIER = "com.example.WebView-iOSUITests";
				PRODUCT_NAME = "$(TARGET_NAME)";
				SWIFT_EMIT_LOC_STRINGS = NO;
				SWIFT_VERSION = 5.0;
				TARGETED_DEVICE_FAMILY = "1,2";
				TEST_TARGET_NAME = "WebView-iOS";
			};
			name = Debug;
		};
		131406ED2B1EF608006B651C /* Release */ = {
			isa = XCBuildConfiguration;
			buildSettings = {
				ALWAYS_EMBED_SWIFT_STANDARD_LIBRARIES = YES;
				CODE_SIGN_STYLE = Automatic;
				CURRENT_PROJECT_VERSION = 1;
				GENERATE_INFOPLIST_FILE = YES;
				MARKETING_VERSION = 1.0;
				PRODUCT_BUNDLE_IDENTIFIER = "com.example.WebView-iOSUITests";
				PRODUCT_NAME = "$(TARGET_NAME)";
				SWIFT_EMIT_LOC_STRINGS = NO;
				SWIFT_VERSION = 5.0;
				TARGETED_DEVICE_FAMILY = "1,2";
				TEST_TARGET_NAME = "WebView-iOS";
			};
			name = Release;
		};
/* End XCBuildConfiguration section */

/* Begin XCConfigurationList section */
		131406B62B1EF604006B651C /* Build configuration list for PBXProject "WebView-iOS" */ = {
			isa = XCConfigurationList;
			buildConfigurations = (
				131406E32B1EF608006B651C /* Debug */,
				131406E42B1EF608006B651C /* Release */,
			);
			defaultConfigurationIsVisible = 0;
			defaultConfigurationName = Release;
		};
		131406E52B1EF608006B651C /* Build configuration list for PBXNativeTarget "WebView-iOS" */ = {
			isa = XCConfigurationList;
			buildConfigurations = (
				131406E62B1EF608006B651C /* Debug */,
				131406E72B1EF608006B651C /* Release */,
			);
			defaultConfigurationIsVisible = 0;
			defaultConfigurationName = Release;
		};
		131406E82B1EF608006B651C /* Build configuration list for PBXNativeTarget "WebView-iOSTests" */ = {
			isa = XCConfigurationList;
			buildConfigurations = (
				131406E92B1EF608006B651C /* Debug */,
				131406EA2B1EF608006B651C /* Release */,
			);
			defaultConfigurationIsVisible = 0;
			defaultConfigurationName = Release;
		};
		131406EB2B1EF608006B651C /* Build configuration list for PBXNativeTarget "WebView-iOSUITests" */ = {
			isa = XCConfigurationList;
			buildConfigurations = (
				131406EC2B1EF608006B651C /* Debug */,
				131406ED2B1EF608006B651C /* Release */,
			);
			defaultConfigurationIsVisible = 0;
			defaultConfigurationName = Release;
		};
/* End XCConfigurationList section */
	};
	rootObject = 131406B32B1EF604006B651C /* Project object */;
}
